Microsoft Visual Studio Solution File, Format Version 12.00
# Visual Studio Version 17
VisualStudioVersion = 17.5.2.0
MinimumVisualStudioVersion = 10.0.40219.1
Project("{FAE04EC0-301F-11D3-BF4B-00C04F79EFBC}") = "QuickLearnerUI", "QuickLearnerUI.csproj", "{9AC3FF21-21D2-9A3A-8CB3-67D7F361A36D}"
EndProject
Global
	GlobalSection(SolutionConfigurationPlatforms) = preSolution
		Debug|Any CPU = Debug|Any CPU
		Release|Any CPU = Release|Any CPU
	EndGlobalSection
	GlobalSection(ProjectConfigurationPlatforms) = postSolution
		{9AC3FF21-21D2-9A3A-8CB3-67D7F361A36D}.Debug|Any CPU.ActiveCfg = Debug|Any CPU
		{9AC3FF21-21D2-9A3A-8CB3-67D7F361A36D}.Debug|Any CPU.Build.0 = Debug|Any CPU
		{9AC3FF21-21D2-9A3A-8CB3-67D7F361A36D}.Release|Any CPU.ActiveCfg = Release|Any CPU
		{9AC3FF21-21D2-9A3A-8CB3-67D7F361A36D}.Release|Any CPU.Build.0 = Release|Any CPU
	EndGlobalSection
	GlobalSection(SolutionProperties) = preSolution
		HideSolutionNode = FALSE
	EndGlobalSection
	GlobalSection(ExtensibilityGlobals) = postSolution
		SolutionGuid = {1E7A67B5-B9CC-436D-B795-32B19DBE6864}
	EndGlobalSection
EndGlobal
