Microsoft Visual Studio Solution File, Format Version 12.00
# Visual Studio Version 17
VisualStudioVersion = 17.5.2.0
MinimumVisualStudioVersion = 10.0.40219.1
Project("{2150E333-8FDC-42A3-9474-1A3956D46DE8}") = "QuickLearner", "QuickLearner", "{845CB22F-0B44-42AD-72CA-F25553E240C8}"
EndProject
Project("{2150E333-8FDC-42A3-9474-1A3956D46DE8}") = "QuickLearnerUI", "QuickLearnerUI", "{EC77268F-C230-F555-3D93-170A82F70D4B}"
EndProject
Project("{FAE04EC0-301F-11D3-BF4B-00C04F79EFBC}") = "QuickLearnerUI", "QuickLearner\QuickLearnerUI\QuickLearnerUI\QuickLearnerUI.csproj", "{D2922A3F-616F-4AFF-5935-09719931D5E7}"
EndProject
Global
	GlobalSection(SolutionConfigurationPlatforms) = preSolution
		Debug|Any CPU = Debug|Any CPU
		Release|Any CPU = Release|Any CPU
	EndGlobalSection
	GlobalSection(ProjectConfigurationPlatforms) = postSolution
		{D2922A3F-616F-4AFF-5935-09719931D5E7}.Debug|Any CPU.ActiveCfg = Debug|Any CPU
		{D2922A3F-616F-4AFF-5935-09719931D5E7}.Debug|Any CPU.Build.0 = Debug|Any CPU
		{D2922A3F-616F-4AFF-5935-09719931D5E7}.Release|Any CPU.ActiveCfg = Release|Any CPU
		{D2922A3F-616F-4AFF-5935-09719931D5E7}.Release|Any CPU.Build.0 = Release|Any CPU
	EndGlobalSection
	GlobalSection(SolutionProperties) = preSolution
		HideSolutionNode = FALSE
	EndGlobalSection
	GlobalSection(NestedProjects) = preSolution
		{EC77268F-C230-F555-3D93-170A82F70D4B} = {845CB22F-0B44-42AD-72CA-F25553E240C8}
		{D2922A3F-616F-4AFF-5935-09719931D5E7} = {EC77268F-C230-F555-3D93-170A82F70D4B}
	EndGlobalSection
	GlobalSection(ExtensibilityGlobals) = postSolution
		SolutionGuid = {3C71B728-A3E8-4C98-87E8-6AA911EECA55}
	EndGlobalSection
EndGlobal
